{
  "lockfileVersion": 1,
  "configVersion": 1,
  "workspaces": {
    "": {
      "name": "agent-terminal-sidecar",
      "dependencies": {
        "@xterm/addon-serialize": "^0.14.0",
        "@xterm/headless": "^5.5.0",
      },
    },
  },
  "packages": {
    "@xterm/addon-serialize": ["@xterm/addon-serialize@0.14.0", "", {}, "sha512-uteyTU1EkrQa2Ux6P/uFl2fzmXI46jy5uoQMKEOM0fKTyiW7cSn0WrFenHm5vO5uEXX/GpwW/FgILvv3r0WbkA=="],

    "@xterm/headless": ["@xterm/headless@5.5.0", "", {}, "sha512-5xXB7kdQlFBP82ViMJTwwEc3gKCLGKR/eoxQm4zge7GPBl86tCdI0IdPJjoKd8mUSFXz5V7i/25sfsEkP4j46g=="],
  }
}
